
Microsoft Visual Studio Solution File, Format Version 12.00
# Visual Studio Version 16
VisualStudioVersion = 16.0.32106.194
MinimumVisualStudioVersion = 10.0.40219.1
Project("{FAE04EC0-301F-11D3-BF4B-00C04F79EFBC}") = "allstarpro-pipeline-test", "allstarpro-pipeline-test\allstarpro-pipeline-test.csproj", "{7D635C72-F60A-4B3C-BEE9-F52F30F6A75D}"
EndProject
Global
	GlobalSection(SolutionConfigurationPlatforms) = preSolution
		Debug|Any CPU = Debug|Any CPU
		Release|Any CPU = Release|Any CPU
	EndGlobalSection
	GlobalSection(ProjectConfigurationPlatforms) = postSolution
		{7D635C72-F60A-4B3C-BEE9-F52F30F6A75D}.Debug|Any CPU.ActiveCfg = Debug|Any CPU
		{7D635C72-F60A-4B3C-BEE9-F52F30F6A75D}.Debug|Any CPU.Build.0 = Debug|Any CPU
		{7D635C72-F60A-4B3C-BEE9-F52F30F6A75D}.Release|Any CPU.ActiveCfg = Release|Any CPU
		{7D635C72-F60A-4B3C-BEE9-F52F30F6A75D}.Release|Any CPU.Build.0 = Release|Any CPU
	EndGlobalSection
	GlobalSection(SolutionProperties) = preSolution
		HideSolutionNode = FALSE
	EndGlobalSection
	GlobalSection(ExtensibilityGlobals) = postSolution
		SolutionGuid = {220B9FEF-888C-4532-AA99-CB11BD93FB54}
	EndGlobalSection
EndGlobal
